// !$*UTF8*$!
{
	archiveVersion = 1;
	classes = {
	};
	objectVersion = 56;
	objects = {

/* Begin PBXBuildFile section */
		FB601E9E2ABDA14E00D18EC5 /* AppDelegate.swift in Sources */ = {isa = PBXBuildFile; fileRef = FB601E9D2ABDA14E00D18EC5 /* AppDelegate.swift */; };
		FB601EA02ABDA14E00D18EC5 /* SceneDelegate.swift in Sources */ = {isa = PBXBuildFile; fileRef = FB601E9F2ABDA14E00D18EC5 /* SceneDelegate.swift */; };
		FB601EA22ABDA14E00D18EC5 /* ViewController.swift in Sources */ = {isa = PBXBuildFile; fileRef = FB601EA12ABDA14E00D18EC5 /* ViewController.swift */; };
		FB601EA52ABDA14E00D18EC5 /* Main.storyboard in Resources */ = {isa = PBXBuildFile; fileRef = FB601EA32ABDA14E00D18EC5 /* Main.storyboard */; };
		FB601EA72ABDA14F00D18EC5 /* Assets.xcassets in Resources */ = {isa = PBXBuildFile; fileRef = FB601EA62ABDA14F00D18EC5 /* Assets.xcassets */; };
		FB601EAA2ABDA14F00D18EC5 /* LaunchScreen.storyboard in Resources */ = {isa = PBXBuildFile; fileRef = FB601EA82ABDA14F00D18EC5 /* LaunchScreen.storyboard */; };
		FB601EB52ABDA14F00D18EC5 /* PrimerProyectoTests.swift in Sources */ = {isa = PBXBuildFile; fileRef = FB601EB42ABDA14F00D18EC5 /* PrimerProyectoTests.swift */; };
		FB601EBF2ABDA14F00D18EC5 /* PrimerProyectoUITests.swift in Sources */ = {isa = PBXBuildFile; fileRef = FB601EBE2ABDA14F00D18EC5 /* PrimerProyectoUITests.swift */; };
		FB601EC12ABDA14F00D18EC5 /* PrimerProyectoUITestsLaunchTests.swift in Sources */ = {isa = PBXBuildFile; fileRef = FB601EC02ABDA14F00D18EC5 /* PrimerProyectoUITestsLaunchTests.swift */; };
/* End PBXBuildFile section */

/* Begin PBXContainerItemProxy section */
		FB601EB12ABDA14F00D18EC5 /* PBXContainerItemProxy */ = {
			isa = PBXContainerItemProxy;
			containerPortal = FB601E922ABDA14E00D18EC5 /* Project object */;
			proxyType = 1;
			remoteGlobalIDString = FB601E992ABDA14E00D18EC5;
			remoteInfo = PrimerProyecto;
		};
		FB601EBB2ABDA14F00D18EC5 /* PBXContainerItemProxy */ = {
			isa = PBXContainerItemProxy;
			containerPortal = FB601E922ABDA14E00D18EC5 /* Project object */;
			proxyType = 1;
			remoteGlobalIDString = FB601E992ABDA14E00D18EC5;
			remoteInfo = PrimerProyecto;
		};
/* End PBXContainerItemProxy section */

/* Begin PBXFileReference section */
		FB601E9A2ABDA14E00D18EC5 /* PrimerProyecto.app */ = {isa = PBXFileReference; explicitFileType = wrapper.application; includeInIndex = 0; path = PrimerProyecto.app; sourceTree = BUILT_PRODUCTS_DIR; };
		FB601E9D2ABDA14E00D18EC5 /* AppDelegate.swift */ = {isa = PBXFileReference; lastKnownFileType = sourcecode.swift; path = AppDelegate.swift; sourceTree = "<group>"; };
		FB601E9F2ABDA14E00D18EC5 /* SceneDelegate.swift */ = {isa = PBXFileReference; lastKnownFileType = sourcecode.swift; path = SceneDelegate.swift; sourceTree = "<group>"; };
		FB601EA12ABDA14E00D18EC5 /* ViewController.swift */ = {isa = PBXFileReference; lastKnownFileType = sourcecode.swift; path = ViewController.swift; sourceTree = "<group>"; };
		FB601EA42ABDA14E00D18EC5 /* Base */ = {isa = PBXFileReference; lastKnownFileType = file.storyboard; name = Base; path = Base.lproj/Main.storyboard; sourceTree = "<group>"; };
		FB601EA62ABDA14F00D18EC5 /* Assets.xcassets */ = {isa = PBXFileReference; lastKnownFileType = folder.assetcatalog; path = Assets.xcassets; sourceTree = "<group>"; };
		FB601EA92ABDA14F00D18EC5 /* Base */ = {isa = PBXFileReference; lastKnownFileType = file.storyboard; name = Base; path = Base.lproj/LaunchScreen.storyboard; sourceTree = "<group>"; };
		FB601EAB2ABDA14F00D18EC5 /* Info.plist */ = {isa = PBXFileReference; lastKnownFileType = text.plist.xml; path = Info.plist; sourceTree = "<group>"; };
		FB601EB02ABDA14F00D18EC5 /* PrimerProyectoTests.xctest */ = {isa = PBXFileReference; explicitFileType = wrapper.cfbundle; includeInIndex = 0; path = PrimerProyectoTests.xctest; sourceTree = BUILT_PRODUCTS_DIR; };
		FB601EB42ABDA14F00D18EC5 /* PrimerProyectoTests.swift */ = {isa = PBXFileReference; lastKnownFileType = sourcecode.swift; path = PrimerProyectoTests.swift; sourceTree = "<group>"; };
		FB601EBA2ABDA14F00D18EC5 /* PrimerProyectoUITests.xctest */ = {isa = PBXFileReference; explicitFileType = wrapper.cfbundle; includeInIndex = 0; path = PrimerProyectoUITests.xctest; sourceTree = BUILT_PRODUCTS_DIR; };
		FB601EBE2ABDA14F00D18EC5 /* PrimerProyectoUITests.swift */ = {isa = PBXFileReference; lastKnownFileType = sourcecode.swift; path = PrimerProyectoUITests.swift; sourceTree = "<group>"; };
		FB601EC02ABDA14F00D18EC5 /* PrimerProyectoUITestsLaunchTests.swift */ = {isa = PBXFileReference; lastKnownFileType = sourcecode.swift; path = PrimerProyectoUITestsLaunchTests.swift; sourceTree = "<group>"; };
/* End PBXFileReference section */

/* Begin PBXFrameworksBuildPhase section */
		FB601E972ABDA14E00D18EC5 /* Frameworks */ = {
			isa = PBXFrameworksBuildPhase;
			buildActionMask = 2147483647;
			files = (
			);
			runOnlyForDeploymentPostprocessing = 0;
		};
		FB601EAD2ABDA14F00D18EC5 /* Frameworks */ = {
			isa = PBXFrameworksBuildPhase;
			buildActionMask = 2147483647;
			files = (
			);
			runOnlyForDeploymentPostprocessing = 0;
		};
		FB601EB72ABDA14F00D18EC5 /* Frameworks */ = {
			isa = PBXFrameworksBuildPhase;
			buildActionMask = 2147483647;
			files = (
			);
			runOnlyForDeploymentPostprocessing = 0;
		};
/* End PBXFrameworksBuildPhase section */

/* Begin PBXGroup section */
		FB601E912ABDA14E00D18EC5 = {
			isa = PBXGroup;
			children = (
				FB601E9C2ABDA14E00D18EC5 /* PrimerProyecto */,
				FB601EB32ABDA14F00D18EC5 /* PrimerProyectoTests */,
				FB601EBD2ABDA14F00D18EC5 /* PrimerProyectoUITests */,
				FB601E9B2ABDA14E00D18EC5 /* Products */,
			);
			sourceTree = "<group>";
		};
		FB601E9B2ABDA14E00D18EC5 /* Products */ = {
			isa = PBXGroup;
			children = (
				FB601E9A2ABDA14E00D18EC5 /* PrimerProyecto.app */,
				FB601EB02ABDA14F00D18EC5 /* PrimerProyectoTests.xctest */,
				FB601EBA2ABDA14F00D18EC5 /* PrimerProyectoUITests.xctest */,
			);
			name = Products;
			sourceTree = "<group>";
		};
		FB601E9C2ABDA14E00D18EC5 /* PrimerProyecto */ = {
			isa = PBXGroup;
			children = (
				FB601E9D2ABDA14E00D18EC5 /* AppDelegate.swift */,
				FB601E9F2ABDA14E00D18EC5 /* SceneDelegate.swift */,
				FB601EA12ABDA14E00D18EC5 /* ViewController.swift */,
				FB601EA32ABDA14E00D18EC5 /* Main.storyboard */,
				FB601EA62ABDA14F00D18EC5 /* Assets.xcassets */,
				FB601EA82ABDA14F00D18EC5 /* LaunchScreen.storyboard */,
				FB601EAB2ABDA14F00D18EC5 /* Info.plist */,
			);
			path = PrimerProyecto;
			sourceTree = "<group>";
		};
		FB601EB32ABDA14F00D18EC5 /* PrimerProyectoTests */ = {
			isa = PBXGroup;
			children = (
				FB601EB42ABDA14F00D18EC5 /* PrimerProyectoTests.swift */,
			);
			path = PrimerProyectoTests;
			sourceTree = "<group>";
		};
		FB601EBD2ABDA14F00D18EC5 /* PrimerProyectoUITests */ = {
			isa = PBXGroup;
			children = (
				FB601EBE2ABDA14F00D18EC5 /* PrimerProyectoUITests.swift */,
				FB601EC02ABDA14F00D18EC5 /* PrimerProyectoUITestsLaunchTests.swift */,
			);
			path = PrimerProyectoUITests;
			sourceTree = "<group>";
		};
/* End PBXGroup section */

/* Begin PBXNativeTarget section */
		FB601E992ABDA14E00D18EC5 /* PrimerProyecto */ = {
			isa = PBXNativeTarget;
			buildConfigurationList = FB601EC42ABDA14F00D18EC5 /* Build configuration list for PBXNativeTarget "PrimerProyecto" */;
			buildPhases = (
				FB601E962ABDA14E00D18EC5 /* Sources */,
				FB601E972ABDA14E00D18EC5 /* Frameworks */,
				FB601E982ABDA14E00D18EC5 /* Resources */,
			);
			buildRules = (
			);
			dependencies = (
			);
			name = PrimerProyecto;
			productName = PrimerProyecto;
			productReference = FB601E9A2ABDA14E00D18EC5 /* PrimerProyecto.app */;
			productType = "com.apple.product-type.application";
		};
		FB601EAF2ABDA14F00D18EC5 /* PrimerProyectoTests */ = {
			isa = PBXNativeTarget;
			buildConfigurationList = FB601EC72ABDA14F00D18EC5 /* Build configuration list for PBXNativeTarget "PrimerProyectoTests" */;
			buildPhases = (
				FB601EAC2ABDA14F00D18EC5 /* Sources */,
				FB601EAD2ABDA14F00D18EC5 /* Frameworks */,
				FB601EAE2ABDA14F00D18EC5 /* Resources */,
			);
			buildRules = (
			);
			dependencies = (
				FB601EB22ABDA14F00D18EC5 /* PBXTargetDependency */,
			);
			name = PrimerProyectoTests;
			productName = PrimerProyectoTests;
			productReference = FB601EB02ABDA14F00D18EC5 /* PrimerProyectoTests.xctest */;
			productType = "com.apple.product-type.bundle.unit-test";
		};
		FB601EB92ABDA14F00D18EC5 /* PrimerProyectoUITests */ = {
			isa = PBXNativeTarget;
			buildConfigurationList = FB601ECA2ABDA14F00D18EC5 /* Build configuration list for PBXNativeTarget "PrimerProyectoUITests" */;
			buildPhases = (
				FB601EB62ABDA14F00D18EC5 /* Sources */,
				FB601EB72ABDA14F00D18EC5 /* Frameworks */,
				FB601EB82ABDA14F00D18EC5 /* Resources */,
			);
			buildRules = (
			);
			dependencies = (
				FB601EBC2ABDA14F00D18EC5 /* PBXTargetDependency */,
			);
			name = PrimerProyectoUITests;
			productName = PrimerProyectoUITests;
			productReference = FB601EBA2ABDA14F00D18EC5 /* PrimerProyectoUITests.xctest */;
			productType = "com.apple.product-type.bundle.ui-testing";
		};
/* End PBXNativeTarget section */

/* Begin PBXProject section */
		FB601E922ABDA14E00D18EC5 /* Project object */ = {
			isa = PBXProject;
			attributes = {
				BuildIndependentTargetsInParallel = 1;
				LastSwiftUpdateCheck = 1420;
				LastUpgradeCheck = 1420;
				TargetAttributes = {
					FB601E992ABDA14E00D18EC5 = {
						CreatedOnToolsVersion = 14.2;
					};
					FB601EAF2ABDA14F00D18EC5 = {
						CreatedOnToolsVersion = 14.2;
						TestTargetID = FB601E992ABDA14E00D18EC5;
					};
					FB601EB92ABDA14F00D18EC5 = {
						CreatedOnToolsVersion = 14.2;
						TestTargetID = FB601E992ABDA14E00D18EC5;
					};
				};
			};
			buildConfigurationList = FB601E952ABDA14E00D18EC5 /* Build configuration list for PBXProject "PrimerProyecto" */;
			compatibilityVersion = "Xcode 14.0";
			developmentRegion = en;
			hasScannedForEncodings = 0;
			knownRegions = (
				en,
				Base,
			);
			mainGroup = FB601E912ABDA14E00D18EC5;
			productRefGroup = FB601E9B2ABDA14E00D18EC5 /* Products */;
			projectDirPath = "";
			projectRoot = "";
			targets = (
				FB601E992ABDA14E00D18EC5 /* PrimerProyecto */,
				FB601EAF2ABDA14F00D18EC5 /* PrimerProyectoTests */,
				FB601EB92ABDA14F00D18EC5 /* PrimerProyectoUITests */,
			);
		};
/* End PBXProject section */

/* Begin PBXResourcesBuildPhase section */
		FB601E982ABDA14E00D18EC5 /* Resources */ = {
			isa = PBXResourcesBuildPhase;
			buildActionMask = 2147483647;
			files = (
				FB601EAA2ABDA14F00D18EC5 /* LaunchScreen.storyboard in Resources */,
				FB601EA72ABDA14F00D18EC5 /* Assets.xcassets in Resources */,
				FB601EA52ABDA14E00D18EC5 /* Main.storyboard in Resources */,
			);
			runOnlyForDeploymentPostprocessing = 0;
		};
		FB601EAE2ABDA14F00D18EC5 /* Resources */ = {
			isa = PBXResourcesBuildPhase;
			buildActionMask = 2147483647;
			files = (
			);
			runOnlyForDeploymentPostprocessing = 0;
		};
		FB601EB82ABDA14F00D18EC5 /* Resources */ = {
			isa = PBXResourcesBuildPhase;
			buildActionMask = 2147483647;
			files = (
			);
			runOnlyForDeploymentPostprocessing = 0;
		};
/* End PBXResourcesBuildPhase section */

/* Begin PBXSourcesBuildPhase section */
		FB601E962ABDA14E00D18EC5 /* Sources */ = {
			isa = PBXSourcesBuildPhase;
			buildActionMask = 2147483647;
			files = (
				FB601EA22ABDA14E00D18EC5 /* ViewController.swift in Sources */,
				FB601E9E2ABDA14E00D18EC5 /* AppDelegate.swift in Sources */,
				FB601EA02ABDA14E00D18EC5 /* SceneDelegate.swift in Sources */,
			);
			runOnlyForDeploymentPostprocessing = 0;
		};
		FB601EAC2ABDA14F00D18EC5 /* Sources */ = {
			isa = PBXSourcesBuildPhase;
			buildActionMask = 2147483647;
			files = (
				FB601EB52ABDA14F00D18EC5 /* PrimerProyectoTests.swift in Sources */,
			);
			runOnlyForDeploymentPostprocessing = 0;
		};
		FB601EB62ABDA14F00D18EC5 /* Sources */ = {
			isa = PBXSourcesBuildPhase;
			buildActionMask = 2147483647;
			files = (
				FB601EC12ABDA14F00D18EC5 /* PrimerProyectoUITestsLaunchTests.swift in Sources */,
				FB601EBF2ABDA14F00D18EC5 /* PrimerProyectoUITests.swift in Sources */,
			);
			runOnlyForDeploymentPostprocessing = 0;
		};
/* End PBXSourcesBuildPhase section */

/* Begin PBXTargetDependency section */
		FB601EB22ABDA14F00D18EC5 /* PBXTargetDependency */ = {
			isa = PBXTargetDependency;
			target = FB601E992ABDA14E00D18EC5 /* PrimerProyecto */;
			targetProxy = FB601EB12ABDA14F00D18EC5 /* PBXContainerItemProxy */;
		};
		FB601EBC2ABDA14F00D18EC5 /* PBXTargetDependency */ = {
			isa = PBXTargetDependency;
			target = FB601E992ABDA14E00D18EC5 /* PrimerProyecto */;
			targetProxy = FB601EBB2ABDA14F00D18EC5 /* PBXContainerItemProxy */;
		};
/* End PBXTargetDependency section */

/* Begin PBXVariantGroup section */
		FB601EA32ABDA14E00D18EC5 /* Main.storyboard */ = {
			isa = PBXVariantGroup;
			children = (
				FB601EA42ABDA14E00D18EC5 /* Base */,
			);
			name = Main.storyboard;
			sourceTree = "<group>";
		};
		FB601EA82ABDA14F00D18EC5 /* LaunchScreen.storyboard */ = {
			isa = PBXVariantGroup;
			children = (
				FB601EA92ABDA14F00D18EC5 /* Base */,
			);
			name = LaunchScreen.storyboard;
			sourceTree = "<group>";
		};
/* End PBXVariantGroup section */

/* Begin XCBuildConfiguration section */
		FB601EC22ABDA14F00D18EC5 /* Debug */ = {
			isa = XCBuildConfiguration;
			buildSettings = {
				ALWAYS_SEARCH_USER_PATHS = NO;
				CLANG_ANALYZER_NONNULL = YES;
				CLANG_ANALYZER_NUMBER_OBJECT_CONVERSION = YES_AGGRESSIVE;
				CLANG_CXX_LANGUAGE_STANDARD = "gnu++20";
				CLANG_ENABLE_MODULES = YES;
				CLANG_ENABLE_OBJC_ARC = YES;
				CLANG_ENABLE_OBJC_WEAK = YES;
				CLANG_WARN_BLOCK_CAPTURE_AUTORELEASING = YES;
				CLANG_WARN_BOOL_CONVERSION = YES;
				CLANG_WARN_COMMA = YES;
				CLANG_WARN_CONSTANT_CONVERSION = YES;
				CLANG_WARN_DEPRECATED_OBJC_IMPLEMENTATIONS = YES;
				CLANG_WARN_DIRECT_OBJC_ISA_USAGE = YES_ERROR;
				CLANG_WARN_DOCUMENTATION_COMMENTS = YES;
				CLANG_WARN_EMPTY_BODY = YES;
				CLANG_WARN_ENUM_CONVERSION = YES;
				CLANG_WARN_INFINITE_RECURSION = YES;
				CLANG_WARN_INT_CONVERSION = YES;
				CLANG_WARN_NON_LITERAL_NULL_CONVERSION = YES;
				CLANG_WARN_OBJC_IMPLICIT_RETAIN_SELF = YES;
				CLANG_WARN_OBJC_LITERAL_CONVERSION = YES;
				CLANG_WARN_OBJC_ROOT_CLASS = YES_ERROR;
				CLANG_WARN_QUOTED_INCLUDE_IN_FRAMEWORK_HEADER = YES;
				CLANG_WARN_RANGE_LOOP_ANALYSIS = YES;
				CLANG_WARN_STRICT_PROTOTYPES = YES;
				CLANG_WARN_SUSPICIOUS_MOVE = YES;
				CLANG_WARN_UNGUARDED_AVAILABILITY = YES_AGGRESSIVE;
				CLANG_WARN_UNREACHABLE_CODE = YES;
				CLANG_WARN__DUPLICATE_METHOD_MATCH = YES;
				COPY_PHASE_STRIP = NO;
				DEBUG_INFORMATION_FORMAT = dwarf;
				ENABLE_STRICT_OBJC_MSGSEND = YES;
				ENABLE_TESTABILITY = YES;
				GCC_C_LANGUAGE_STANDARD = gnu11;
				GCC_DYNAMIC_NO_PIC = NO;
				GCC_NO_COMMON_BLOCKS = YES;
				GCC_OPTIMIZATION_LEVEL = 0;
				GCC_PREPROCESSOR_DEFINITIONS = (
					"DEBUG=1",
					"$(inherited)",
				);
				GCC_WARN_64_TO_32_BIT_CONVERSION = YES;
				GCC_WARN_ABOUT_RETURN_TYPE = YES_ERROR;
				GCC_WARN_UNDECLARED_SELECTOR = YES;
				GCC_WARN_UNINITIALIZED_AUTOS = YES_AGGRESSIVE;
				GCC_WARN_UNUSED_FUNCTION = YES;
				GCC_WARN_UNUSED_VARIABLE = YES;
				IPHONEOS_DEPLOYMENT_TARGET = 16.2;
				MTL_ENABLE_DEBUG_INFO = INCLUDE_SOURCE;
				MTL_FAST_MATH = YES;
				ONLY_ACTIVE_ARCH = YES;
				SDKROOT = iphoneos;
				SWIFT_ACTIVE_COMPILATION_CONDITIONS = DEBUG;
				SWIFT_OPTIMIZATION_LEVEL = "-Onone";
			};
			name = Debug;
		};
		FB601EC32ABDA14F00D18EC5 /* Release */ = {
			isa = XCBuildConfiguration;
			buildSettings = {
				ALWAYS_SEARCH_USER_PATHS = NO;
				CLANG_ANALYZER_NONNULL = YES;
				CLANG_ANALYZER_NUMBER_OBJECT_CONVERSION = YES_AGGRESSIVE;
				CLANG_CXX_LANGUAGE_STANDARD = "gnu++20";
				CLANG_ENABLE_MODULES = YES;
				CLANG_ENABLE_OBJC_ARC = YES;
				CLANG_ENABLE_OBJC_WEAK = YES;
				CLANG_WARN_BLOCK_CAPTURE_AUTORELEASING = YES;
				CLANG_WARN_BOOL_CONVERSION = YES;
				CLANG_WARN_COMMA = YES;
				CLANG_WARN_CONSTANT_CONVERSION = YES;
				CLANG_WARN_DEPRECATED_OBJC_IMPLEMENTATIONS = YES;
				CLANG_WARN_DIRECT_OBJC_ISA_USAGE = YES_ERROR;
				CLANG_WARN_DOCUMENTATION_COMMENTS = YES;
				CLANG_WARN_EMPTY_BODY = YES;
				CLANG_WARN_ENUM_CONVERSION = YES;
				CLANG_WARN_INFINITE_RECURSION = YES;
				CLANG_WARN_INT_CONVERSION = YES;
				CLANG_WARN_NON_LITERAL_NULL_CONVERSION = YES;
				CLANG_WARN_OBJC_IMPLICIT_RETAIN_SELF = YES;
				CLANG_WARN_OBJC_LITERAL_CONVERSION = YES;
				CLANG_WARN_OBJC_ROOT_CLASS = YES_ERROR;
				CLANG_WARN_QUOTED_INCLUDE_IN_FRAMEWORK_HEADER = YES;
				CLANG_WARN_RANGE_LOOP_ANALYSIS = YES;
				CLANG_WARN_STRICT_PROTOTYPES = YES;
				CLANG_WARN_SUSPICIOUS_MOVE = YES;
				CLANG_WARN_UNGUARDED_AVAILABILITY = YES_AGGRESSIVE;
				CLANG_WARN_UNREACHABLE_CODE = YES;
				CLANG_WARN__DUPLICATE_METHOD_MATCH = YES;
				COPY_PHASE_STRIP = NO;
				DEBUG_INFORMATION_FORMAT = "dwarf-with-dsym";
				ENABLE_NS_ASSERTIONS = NO;
				ENABLE_STRICT_OBJC_MSGSEND = YES;
				GCC_C_LANGUAGE_STANDARD = gnu11;
				GCC_NO_COMMON_BLOCKS = YES;
				GCC_WARN_64_TO_32_BIT_CONVERSION = YES;
				GCC_WARN_ABOUT_RETURN_TYPE = YES_ERROR;
				GCC_WARN_UNDECLARED_SELECTOR = YES;
				GCC_WARN_UNINITIALIZED_AUTOS = YES_AGGRESSIVE;
				GCC_WARN_UNUSED_FUNCTION = YES;
				GCC_WARN_UNUSED_VARIABLE = YES;
				IPHONEOS_DEPLOYMENT_TARGET = 16.2;
				MTL_ENABLE_DEBUG_INFO = NO;
				MTL_FAST_MATH = YES;
				SDKROOT = iphoneos;
				SWIFT_COMPILATION_MODE = wholemodule;
				SWIFT_OPTIMIZATION_LEVEL = "-O";
				VALIDATE_PRODUCT = YES;
			};
			name = Release;
		};
		FB601EC52ABDA14F00D18EC5 /* Debug */ = {
			isa = XCBuildConfiguration;
			buildSettings = {
				ASSETCATALOG_COMPILER_APPICON_NAME = AppIcon;
				ASSETCATALOG_COMPILER_GLOBAL_ACCENT_COLOR_NAME = AccentColor;
				CODE_SIGN_STYLE = Automatic;
				CURRENT_PROJECT_VERSION = 1;
				GENERATE_INFOPLIST_FILE = YES;
				INFOPLIST_FILE = PrimerProyecto/Info.plist;
				INFOPLIST_KEY_UIApplicationSupportsIndirectInputEvents = YES;
				INFOPLIST_KEY_UILaunchStoryboardName = LaunchScreen;
				INFOPLIST_KEY_UIMainStoryboardFile = Main;
				INFOPLIST_KEY_UIStatusBarStyle = "";
				INFOPLIST_KEY_UISupportedInterfaceOrientations_iPad = "UIInterfaceOrientationPortrait UIInterfaceOrientationPortraitUpsideDown UIInterfaceOrientationLandscapeLeft UIInterfaceOrientationLandscapeRight";
				INFOPLIST_KEY_UISupportedInterfaceOrientations_iPhone = "UIInterfaceOrientationPortrait UIInterfaceOrientationLandscapeLeft UIInterfaceOrientationLandscapeRight";
				LD_RUNPATH_SEARCH_PATHS = (
					"$(inherited)",
					"@executable_path/Frameworks",
				);
				MARKETING_VERSION = 1.0;
				PRODUCT_BUNDLE_IDENTIFIER = es.usal.MiPrimerProyecto.PrimerProyecto;
				PRODUCT_NAME = "$(TARGET_NAME)";
				SWIFT_EMIT_LOC_STRINGS = YES;
				SWIFT_VERSION = 5.0;
				TARGETED_DEVICE_FAMILY = "1,2";
			};
			name = Debug;
		};
		FB601EC62ABDA14F00D18EC5 /* Release */ = {
			isa = XCBuildConfiguration;
			buildSettings = {
				ASSETCATALOG_COMPILER_APPICON_NAME = AppIcon;
				ASSETCATALOG_COMPILER_GLOBAL_ACCENT_COLOR_NAME = AccentColor;
				CODE_SIGN_STYLE = Automatic;
				CURRENT_PROJECT_VERSION = 1;
				GENERATE_INFOPLIST_FILE = YES;
				INFOPLIST_FILE = PrimerProyecto/Info.plist;
				INFOPLIST_KEY_UIApplicationSupportsIndirectInputEvents = YES;
				INFOPLIST_KEY_UILaunchStoryboardName = LaunchScreen;
				INFOPLIST_KEY_UIMainStoryboardFile = Main;
				INFOPLIST_KEY_UIStatusBarStyle = "";
				INFOPLIST_KEY_UISupportedInterfaceOrientations_iPad = "UIInterfaceOrientationPortrait UIInterfaceOrientationPortraitUpsideDown UIInterfaceOrientationLandscapeLeft UIInterfaceOrientationLandscapeRight";
				INFOPLIST_KEY_UISupportedInterfaceOrientations_iPhone = "UIInterfaceOrientationPortrait UIInterfaceOrientationLandscapeLeft UIInterfaceOrientationLandscapeRight";
				LD_RUNPATH_SEARCH_PATHS = (
					"$(inherited)",
					"@executable_path/Frameworks",
				);
				MARKETING_VERSION = 1.0;
				PRODUCT_BUNDLE_IDENTIFIER = es.usal.MiPrimerProyecto.PrimerProyecto;
				PRODUCT_NAME = "$(TARGET_NAME)";
				SWIFT_EMIT_LOC_STRINGS = YES;
				SWIFT_VERSION = 5.0;
				TARGETED_DEVICE_FAMILY = "1,2";
			};
			name = Release;
		};
		FB601EC82ABDA14F00D18EC5 /* Debug */ = {
			isa = XCBuildConfiguration;
			buildSettings = {
				ALWAYS_EMBED_SWIFT_STANDARD_LIBRARIES = YES;
				BUNDLE_LOADER = "$(TEST_HOST)";
				CODE_SIGN_STYLE = Automatic;
				CURRENT_PROJECT_VERSION = 1;
				GENERATE_INFOPLIST_FILE = YES;
				IPHONEOS_DEPLOYMENT_TARGET = 16.2;
				MARKETING_VERSION = 1.0;
				PRODUCT_BUNDLE_IDENTIFIER = es.usal.MiPrimerProyecto.PrimerProyectoTests;
				PRODUCT_NAME = "$(TARGET_NAME)";
				SWIFT_EMIT_LOC_STRINGS = NO;
				SWIFT_VERSION = 5.0;
				TARGETED_DEVICE_FAMILY = "1,2";
				TEST_HOST = "$(BUILT_PRODUCTS_DIR)/PrimerProyecto.app/$(BUNDLE_EXECUTABLE_FOLDER_PATH)/PrimerProyecto";
			};
			name = Debug;
		};
		FB601EC92ABDA14F00D18EC5 /* Release */ = {
			isa = XCBuildConfiguration;
			buildSettings = {
				ALWAYS_EMBED_SWIFT_STANDARD_LIBRARIES = YES;
				BUNDLE_LOADER = "$(TEST_HOST)";
				CODE_SIGN_STYLE = Automatic;
				CURRENT_PROJECT_VERSION = 1;
				GENERATE_INFOPLIST_FILE = YES;
				IPHONEOS_DEPLOYMENT_TARGET = 16.2;
				MARKETING_VERSION = 1.0;
				PRODUCT_BUNDLE_IDENTIFIER = es.usal.MiPrimerProyecto.PrimerProyectoTests;
				PRODUCT_NAME = "$(TARGET_NAME)";
				SWIFT_EMIT_LOC_STRINGS = NO;
				SWIFT_VERSION = 5.0;
				TARGETED_DEVICE_FAMILY = "1,2";
				TEST_HOST = "$(BUILT_PRODUCTS_DIR)/PrimerProyecto.app/$(BUNDLE_EXECUTABLE_FOLDER_PATH)/PrimerProyecto";
			};
			name = Release;
		};
		FB601ECB2ABDA14F00D18EC5 /* Debug */ = {
			isa = XCBuildConfiguration;
			buildSettings = {
				ALWAYS_EMBED_SWIFT_STANDARD_LIBRARIES = YES;
				CODE_SIGN_STYLE = Automatic;
				CURRENT_PROJECT_VERSION = 1;
				GENERATE_INFOPLIST_FILE = YES;
				MARKETING_VERSION = 1.0;
				PRODUCT_BUNDLE_IDENTIFIER = es.usal.MiPrimerProyecto.PrimerProyectoUITests;
				PRODUCT_NAME = "$(TARGET_NAME)";
				SWIFT_EMIT_LOC_STRINGS = NO;
				SWIFT_VERSION = 5.0;
				TARGETED_DEVICE_FAMILY = "1,2";
				TEST_TARGET_NAME = PrimerProyecto;
			};
			name = Debug;
		};
		FB601ECC2ABDA14F00D18EC5 /* Release */ = {
			isa = XCBuildConfiguration;
			buildSettings = {
				ALWAYS_EMBED_SWIFT_STANDARD_LIBRARIES = YES;
				CODE_SIGN_STYLE = Automatic;
				CURRENT_PROJECT_VERSION = 1;
				GENERATE_INFOPLIST_FILE = YES;
				MARKETING_VERSION = 1.0;
				PRODUCT_BUNDLE_IDENTIFIER = es.usal.MiPrimerProyecto.PrimerProyectoUITests;
				PRODUCT_NAME = "$(TARGET_NAME)";
				SWIFT_EMIT_LOC_STRINGS = NO;
				SWIFT_VERSION = 5.0;
				TARGETED_DEVICE_FAMILY = "1,2";
				TEST_TARGET_NAME = PrimerProyecto;
			};
			name = Release;
		};
/* End XCBuildConfiguration section */

/* Begin XCConfigurationList section */
		FB601E952ABDA14E00D18EC5 /* Build configuration list for PBXProject "PrimerProyecto" */ = {
			isa = XCConfigurationList;
			buildConfigurations = (
				FB601EC22ABDA14F00D18EC5 /* Debug */,
				FB601EC32ABDA14F00D18EC5 /* Release */,
			);
			defaultConfigurationIsVisible = 0;
			defaultConfigurationName = Release;
		};
		FB601EC42ABDA14F00D18EC5 /* Build configuration list for PBXNativeTarget "PrimerProyecto" */ = {
			isa = XCConfigurationList;
			buildConfigurations = (
				FB601EC52ABDA14F00D18EC5 /* Debug */,
				FB601EC62ABDA14F00D18EC5 /* Release */,
			);
			defaultConfigurationIsVisible = 0;
			defaultConfigurationName = Release;
		};
		FB601EC72ABDA14F00D18EC5 /* Build configuration list for PBXNativeTarget "PrimerProyectoTests" */ = {
			isa = XCConfigurationList;
			buildConfigurations = (
				FB601EC82ABDA14F00D18EC5 /* Debug */,
				FB601EC92ABDA14F00D18EC5 /* Release */,
			);
			defaultConfigurationIsVisible = 0;
			defaultConfigurationName = Release;
		};
		FB601ECA2ABDA14F00D18EC5 /* Build configuration list for PBXNativeTarget "PrimerProyectoUITests" */ = {
			isa = XCConfigurationList;
			buildConfigurations = (
				FB601ECB2ABDA14F00D18EC5 /* Debug */,
				FB601ECC2ABDA14F00D18EC5 /* Release */,
			);
			defaultConfigurationIsVisible = 0;
			defaultConfigurationName = Release;
		};
/* End XCConfigurationList section */
	};
	rootObject = FB601E922ABDA14E00D18EC5 /* Project object */;
}
